
Microsoft Visual Studio Solution File, Format Version 12.00
# Visual Studio Version 17
VisualStudioVersion = 17.1.32421.90
MinimumVisualStudioVersion = 10.0.40219.1
Project("{9A19103F-16F7-4668-BE54-9A1E7A4F7556}") = "GenealogicalTreeApi", "GenealogicalTreeApi\GenealogicalTreeApi.csproj", "{CE971932-63B4-4F62-947B-F5B251D794B1}"
EndProject
Project("{FAE04EC0-301F-11D3-BF4B-00C04F79EFBC}") = "GenealogicalTree.BLL", "GenealogicalTree.BLL\GenealogicalTree.BLL.csproj", "{B45EE499-FF8A-455D-AB80-074B903121A4}"
EndProject
Global
	GlobalSection(SolutionConfigurationPlatforms) = preSolution
		Debug|Any CPU = Debug|Any CPU
		Release|Any CPU = Release|Any CPU
	EndGlobalSection
	GlobalSection(ProjectConfigurationPlatforms) = postSolution
		{CE971932-63B4-4F62-947B-F5B251D794B1}.Debug|Any CPU.ActiveCfg = Debug|Any CPU
		{CE971932-63B4-4F62-947B-F5B251D794B1}.Debug|Any CPU.Build.0 = Debug|Any CPU
		{CE971932-63B4-4F62-947B-F5B251D794B1}.Release|Any CPU.ActiveCfg = Release|Any CPU
		{CE971932-63B4-4F62-947B-F5B251D794B1}.Release|Any CPU.Build.0 = Release|Any CPU
		{B45EE499-FF8A-455D-AB80-074B903121A4}.Debug|Any CPU.ActiveCfg = Debug|Any CPU
		{B45EE499-FF8A-455D-AB80-074B903121A4}.Debug|Any CPU.Build.0 = Debug|Any CPU
		{B45EE499-FF8A-455D-AB80-074B903121A4}.Release|Any CPU.ActiveCfg = Release|Any CPU
		{B45EE499-FF8A-455D-AB80-074B903121A4}.Release|Any CPU.Build.0 = Release|Any CPU
	EndGlobalSection
	GlobalSection(SolutionProperties) = preSolution
		HideSolutionNode = FALSE
	EndGlobalSection
	GlobalSection(ExtensibilityGlobals) = postSolution
		SolutionGuid = {FF0E87EB-DC2C-4809-8574-3F0988E02AA6}
	EndGlobalSection
EndGlobal
